
Microsoft Visual Studio Solution File, Format Version 12.00
# Visual Studio Version 17
VisualStudioVersion = 17.4.33103.184
MinimumVisualStudioVersion = 10.0.40219.1
Project("{FAE04EC0-301F-11D3-BF4B-00C04F79EFBC}") = "ConsoleApp2_lab02", "ConsoleApp2_lab02.csproj", "{94CE43B9-A31B-4458-8E4F-30380A9D0C01}"
EndProject
Global
	GlobalSection(SolutionConfigurationPlatforms) = preSolution
		Debug|Any CPU = Debug|Any CPU
		Release|Any CPU = Release|Any CPU
	EndGlobalSection
	GlobalSection(ProjectConfigurationPlatforms) = postSolution
		{94CE43B9-A31B-4458-8E4F-30380A9D0C01}.Debug|Any CPU.ActiveCfg = Debug|Any CPU
		{94CE43B9-A31B-4458-8E4F-30380A9D0C01}.Debug|Any CPU.Build.0 = Debug|Any CPU
		{94CE43B9-A31B-4458-8E4F-30380A9D0C01}.Release|Any CPU.ActiveCfg = Release|Any CPU
		{94CE43B9-A31B-4458-8E4F-30380A9D0C01}.Release|Any CPU.Build.0 = Release|Any CPU
	EndGlobalSection
	GlobalSection(SolutionProperties) = preSolution
		HideSolutionNode = FALSE
	EndGlobalSection
	GlobalSection(ExtensibilityGlobals) = postSolution
		SolutionGuid = {EA15CE4C-8E3E-421D-8354-AB43B84B50FE}
	EndGlobalSection
EndGlobal
